
Microsoft Visual Studio Solution File, Format Version 12.00
# RemObjects Fire
Project("{656346D9-4656-40DA-A068-22D5425D4639}") = "Moshine.UI.UIKit", "Moshine.UI.UIKit.elements", "{DD2FBEC9-0E8E-4E65-92A9-5E7D10266D0D}"
EndProject
Global
	GlobalSection(SolutionConfigurationPlatforms) = preSolution
		Debug|AnyCPU = Debug|AnyCPU
		Release|AnyCPU = Release|AnyCPU
	EndGlobalSection
	GlobalSection(ProjectConfigurationPlatforms) = postSolution
		{DD2FBEC9-0E8E-4E65-92A9-5E7D10266D0D}.Debug|AnyCPU.ActiveCfg = Debug|AnyCPU
		{DD2FBEC9-0E8E-4E65-92A9-5E7D10266D0D}.Debug|AnyCPU.Build.0 = Debug|AnyCPU
		{DD2FBEC9-0E8E-4E65-92A9-5E7D10266D0D}.Release|AnyCPU.ActiveCfg = Release|AnyCPU
		{DD2FBEC9-0E8E-4E65-92A9-5E7D10266D0D}.Release|AnyCPU.Build.0 = Release|AnyCPU
	EndGlobalSection
	GlobalSection(SolutionProperties) = preSolution
		HideSolutionNode = FALSE
	EndGlobalSection
EndGlobal